// !$*UTF8*$!
{
	archiveVersion = 1;
	classes = {
	};
	objectVersion = 48;
	objects = {

/* Begin PBXBuildFile section */
		D71268B01FCD71A600579C19 /* ShellTaskRunner.swift in Sources */ = {isa = PBXBuildFile; fileRef = D71268AF1FCD71A600579C19 /* ShellTaskRunner.swift */; };
		D73B4C041FBC371200C7364E /* PackageJsonStruct.swift in Sources */ = {isa = PBXBuildFile; fileRef = D73B4C031FBC371200C7364E /* PackageJsonStruct.swift */; };
		D763C7931FCACD4A001A6BD0 /* TouchBar.swift in Sources */ = {isa = PBXBuildFile; fileRef = D763C7921FCACD4A001A6BD0 /* TouchBar.swift */; };
		D77131721FA33F7D003485E8 /* TouchBarIdentifiers.swift in Sources */ = {isa = PBXBuildFile; fileRef = D77131711FA33F7D003485E8 /* TouchBarIdentifiers.swift */; };
		D79A478B1FD19C080016DF60 /* PackageJsonOperations.swift in Sources */ = {isa = PBXBuildFile; fileRef = D79A478A1FD19C080016DF60 /* PackageJsonOperations.swift */; };
		D79A478D1FD1A5F30016DF60 /* Scrubber.swift in Sources */ = {isa = PBXBuildFile; fileRef = D79A478C1FD1A5F30016DF60 /* Scrubber.swift */; };
		D7BD16B81F963855003E01AD /* AppDelegate.swift in Sources */ = {isa = PBXBuildFile; fileRef = D7BD16B71F963855003E01AD /* AppDelegate.swift */; };
		D7BD16BA1F963855003E01AD /* ViewController.swift in Sources */ = {isa = PBXBuildFile; fileRef = D7BD16B91F963855003E01AD /* ViewController.swift */; };
		D7BD16BC1F963855003E01AD /* Assets.xcassets in Resources */ = {isa = PBXBuildFile; fileRef = D7BD16BB1F963855003E01AD /* Assets.xcassets */; };
		D7BD16BF1F963855003E01AD /* Main.storyboard in Resources */ = {isa = PBXBuildFile; fileRef = D7BD16BD1F963855003E01AD /* Main.storyboard */; };
/* End PBXBuildFile section */

/* Begin PBXFileReference section */
		D71268AF1FCD71A600579C19 /* ShellTaskRunner.swift */ = {isa = PBXFileReference; lastKnownFileType = sourcecode.swift; path = ShellTaskRunner.swift; sourceTree = "<group>"; };
		D73B4C031FBC371200C7364E /* PackageJsonStruct.swift */ = {isa = PBXFileReference; lastKnownFileType = sourcecode.swift; path = PackageJsonStruct.swift; sourceTree = "<group>"; };
		D763C7921FCACD4A001A6BD0 /* TouchBar.swift */ = {isa = PBXFileReference; lastKnownFileType = sourcecode.swift; path = TouchBar.swift; sourceTree = "<group>"; };
		D77131711FA33F7D003485E8 /* TouchBarIdentifiers.swift */ = {isa = PBXFileReference; fileEncoding = 4; lastKnownFileType = sourcecode.swift; path = TouchBarIdentifiers.swift; sourceTree = "<group>"; };
		D79A478A1FD19C080016DF60 /* PackageJsonOperations.swift */ = {isa = PBXFileReference; lastKnownFileType = sourcecode.swift; path = PackageJsonOperations.swift; sourceTree = "<group>"; };
		D79A478C1FD1A5F30016DF60 /* Scrubber.swift */ = {isa = PBXFileReference; lastKnownFileType = sourcecode.swift; path = Scrubber.swift; sourceTree = "<group>"; };
		D7BD16B41F963855003E01AD /* make-package.json-great-again.app */ = {isa = PBXFileReference; explicitFileType = wrapper.application; includeInIndex = 0; path = "make-package.json-great-again.app"; sourceTree = BUILT_PRODUCTS_DIR; };
		D7BD16B71F963855003E01AD /* AppDelegate.swift */ = {isa = PBXFileReference; lastKnownFileType = sourcecode.swift; path = AppDelegate.swift; sourceTree = "<group>"; };
		D7BD16B91F963855003E01AD /* ViewController.swift */ = {isa = PBXFileReference; lastKnownFileType = sourcecode.swift; path = ViewController.swift; sourceTree = "<group>"; };
		D7BD16BB1F963855003E01AD /* Assets.xcassets */ = {isa = PBXFileReference; lastKnownFileType = folder.assetcatalog; path = Assets.xcassets; sourceTree = "<group>"; };
		D7BD16BE1F963855003E01AD /* Base */ = {isa = PBXFileReference; lastKnownFileType = file.storyboard; name = Base; path = Base.lproj/Main.storyboard; sourceTree = "<group>"; };
		D7BD16C01F963855003E01AD /* Info.plist */ = {isa = PBXFileReference; lastKnownFileType = text.plist.xml; path = Info.plist; sourceTree = "<group>"; };
		D7BD16C11F963855003E01AD /* make_package_json_great_again.entitlements */ = {isa = PBXFileReference; lastKnownFileType = text.plist.entitlements; path = make_package_json_great_again.entitlements; sourceTree = "<group>"; };
/* End PBXFileReference section */

/* Begin PBXFrameworksBuildPhase section */
		D7BD16B11F963855003E01AD /* Frameworks */ = {
			isa = PBXFrameworksBuildPhase;
			buildActionMask = 2147483647;
			files = (
			);
			runOnlyForDeploymentPostprocessing = 0;
		};
/* End PBXFrameworksBuildPhase section */

/* Begin PBXGroup section */
		D7BD16AB1F963855003E01AD = {
			isa = PBXGroup;
			children = (
				D7BD16B61F963855003E01AD /* make-package.json-great-again */,
				D7BD16B51F963855003E01AD /* Products */,
			);
			sourceTree = "<group>";
		};
		D7BD16B51F963855003E01AD /* Products */ = {
			isa = PBXGroup;
			children = (
				D7BD16B41F963855003E01AD /* make-package.json-great-again.app */,
			);
			name = Products;
			sourceTree = "<group>";
		};
		D7BD16B61F963855003E01AD /* make-package.json-great-again */ = {
			isa = PBXGroup;
			children = (
				D77131711FA33F7D003485E8 /* TouchBarIdentifiers.swift */,
				D7BD16B71F963855003E01AD /* AppDelegate.swift */,
				D7BD16B91F963855003E01AD /* ViewController.swift */,
				D7BD16BB1F963855003E01AD /* Assets.xcassets */,
				D7BD16BD1F963855003E01AD /* Main.storyboard */,
				D7BD16C01F963855003E01AD /* Info.plist */,
				D7BD16C11F963855003E01AD /* make_package_json_great_again.entitlements */,
				D73B4C031FBC371200C7364E /* PackageJsonStruct.swift */,
				D763C7921FCACD4A001A6BD0 /* TouchBar.swift */,
				D71268AF1FCD71A600579C19 /* ShellTaskRunner.swift */,
				D79A478A1FD19C080016DF60 /* PackageJsonOperations.swift */,
				D79A478C1FD1A5F30016DF60 /* Scrubber.swift */,
			);
			path = "make-package.json-great-again";
			sourceTree = "<group>";
		};
/* End PBXGroup section */

/* Begin PBXNativeTarget section */
		D7BD16B31F963855003E01AD /* make-package.json-great-again */ = {
			isa = PBXNativeTarget;
			buildConfigurationList = D7BD16C41F963855003E01AD /* Build configuration list for PBXNativeTarget "make-package.json-great-again" */;
			buildPhases = (
				D7BD16B01F963855003E01AD /* Sources */,
				D7BD16B11F963855003E01AD /* Frameworks */,
				D7BD16B21F963855003E01AD /* Resources */,
			);
			buildRules = (
			);
			dependencies = (
			);
			name = "make-package.json-great-again";
			productName = "make-package.json-great-again";
			productReference = D7BD16B41F963855003E01AD /* make-package.json-great-again.app */;
			productType = "com.apple.product-type.application";
		};
/* End PBXNativeTarget section */

/* Begin PBXProject section */
		D7BD16AC1F963855003E01AD /* Project object */ = {
			isa = PBXProject;
			attributes = {
				LastSwiftUpdateCheck = 0900;
				LastUpgradeCheck = 0900;
				ORGANIZATIONNAME = AS93;
				TargetAttributes = {
					D7BD16B31F963855003E01AD = {
						CreatedOnToolsVersion = 9.0;
						ProvisioningStyle = Automatic;
					};
				};
			};
			buildConfigurationList = D7BD16AF1F963855003E01AD /* Build configuration list for PBXProject "make-package.json-great-again" */;
			compatibilityVersion = "Xcode 8.0";
			developmentRegion = en;
			hasScannedForEncodings = 0;
			knownRegions = (
				en,
				Base,
			);
			mainGroup = D7BD16AB1F963855003E01AD;
			productRefGroup = D7BD16B51F963855003E01AD /* Products */;
			projectDirPath = "";
			projectRoot = "";
			targets = (
				D7BD16B31F963855003E01AD /* make-package.json-great-again */,
			);
		};
/* End PBXProject section */

/* Begin PBXResourcesBuildPhase section */
		D7BD16B21F963855003E01AD /* Resources */ = {
			isa = PBXResourcesBuildPhase;
			buildActionMask = 2147483647;
			files = (
				D7BD16BC1F963855003E01AD /* Assets.xcassets in Resources */,
				D7BD16BF1F963855003E01AD /* Main.storyboard in Resources */,
			);
			runOnlyForDeploymentPostprocessing = 0;
		};
/* End PBXResourcesBuildPhase section */

/* Begin PBXSourcesBuildPhase section */
		D7BD16B01F963855003E01AD /* Sources */ = {
			isa = PBXSourcesBuildPhase;
			buildActionMask = 2147483647;
			files = (
				D79A478B1FD19C080016DF60 /* PackageJsonOperations.swift in Sources */,
				D79A478D1FD1A5F30016DF60 /* Scrubber.swift in Sources */,
				D763C7931FCACD4A001A6BD0 /* TouchBar.swift in Sources */,
				D7BD16BA1F963855003E01AD /* ViewController.swift in Sources */,
				D73B4C041FBC371200C7364E /* PackageJsonStruct.swift in Sources */,
				D77131721FA33F7D003485E8 /* TouchBarIdentifiers.swift in Sources */,
				D7BD16B81F963855003E01AD /* AppDelegate.swift in Sources */,
				D71268B01FCD71A600579C19 /* ShellTaskRunner.swift in Sources */,
			);
			runOnlyForDeploymentPostprocessing = 0;
		};
/* End PBXSourcesBuildPhase section */

/* Begin PBXVariantGroup section */
		D7BD16BD1F963855003E01AD /* Main.storyboard */ = {
			isa = PBXVariantGroup;
			children = (
				D7BD16BE1F963855003E01AD /* Base */,
			);
			name = Main.storyboard;
			sourceTree = "<group>";
		};
/* End PBXVariantGroup section */

/* Begin XCBuildConfiguration section */
		D7BD16C21F963855003E01AD /* Debug */ = {
			isa = XCBuildConfiguration;
			buildSettings = {
				ALWAYS_SEARCH_USER_PATHS = NO;
				CLANG_ANALYZER_NONNULL = YES;
				CLANG_ANALYZER_NUMBER_OBJECT_CONVERSION = YES_AGGRESSIVE;
				CLANG_CXX_LANGUAGE_STANDARD = "gnu++14";
				CLANG_CXX_LIBRARY = "libc++";
				CLANG_ENABLE_MODULES = YES;
				CLANG_ENABLE_OBJC_ARC = YES;
				CLANG_WARN_BLOCK_CAPTURE_AUTORELEASING = YES;
				CLANG_WARN_BOOL_CONVERSION = YES;
				CLANG_WARN_COMMA = YES;
				CLANG_WARN_CONSTANT_CONVERSION = YES;
				CLANG_WARN_DIRECT_OBJC_ISA_USAGE = YES_ERROR;
				CLANG_WARN_DOCUMENTATION_COMMENTS = YES;
				CLANG_WARN_EMPTY_BODY = YES;
				CLANG_WARN_ENUM_CONVERSION = YES;
				CLANG_WARN_INFINITE_RECURSION = YES;
				CLANG_WARN_INT_CONVERSION = YES;
				CLANG_WARN_NON_LITERAL_NULL_CONVERSION = YES;
				CLANG_WARN_OBJC_LITERAL_CONVERSION = YES;
				CLANG_WARN_OBJC_ROOT_CLASS = YES_ERROR;
				CLANG_WARN_RANGE_LOOP_ANALYSIS = YES;
				CLANG_WARN_STRICT_PROTOTYPES = YES;
				CLANG_WARN_SUSPICIOUS_MOVE = YES;
				CLANG_WARN_UNGUARDED_AVAILABILITY = YES_AGGRESSIVE;
				CLANG_WARN_UNREACHABLE_CODE = YES;
				CLANG_WARN__DUPLICATE_METHOD_MATCH = YES;
				CODE_SIGN_IDENTITY = "Mac Developer";
				COPY_PHASE_STRIP = NO;
				DEBUG_INFORMATION_FORMAT = dwarf;
				ENABLE_STRICT_OBJC_MSGSEND = YES;
				ENABLE_TESTABILITY = YES;
				GCC_C_LANGUAGE_STANDARD = gnu11;
				GCC_DYNAMIC_NO_PIC = NO;
				GCC_NO_COMMON_BLOCKS = YES;
				GCC_OPTIMIZATION_LEVEL = 0;
				GCC_PREPROCESSOR_DEFINITIONS = (
					"DEBUG=1",
					"$(inherited)",
				);
				GCC_WARN_64_TO_32_BIT_CONVERSION = YES;
				GCC_WARN_ABOUT_RETURN_TYPE = YES_ERROR;
				GCC_WARN_UNDECLARED_SELECTOR = YES;
				GCC_WARN_UNINITIALIZED_AUTOS = YES_AGGRESSIVE;
				GCC_WARN_UNUSED_FUNCTION = YES;
				GCC_WARN_UNUSED_VARIABLE = YES;
				MACOSX_DEPLOYMENT_TARGET = 10.12;
				MTL_ENABLE_DEBUG_INFO = YES;
				ONLY_ACTIVE_ARCH = YES;
				SDKROOT = macosx;
				SWIFT_ACTIVE_COMPILATION_CONDITIONS = DEBUG;
				SWIFT_OPTIMIZATION_LEVEL = "-Onone";
			};
			name = Debug;
		};
		D7BD16C31F963855003E01AD /* Release */ = {
			isa = XCBuildConfiguration;
			buildSettings = {
				ALWAYS_SEARCH_USER_PATHS = NO;
				CLANG_ANALYZER_NONNULL = YES;
				CLANG_ANALYZER_NUMBER_OBJECT_CONVERSION = YES_AGGRESSIVE;
				CLANG_CXX_LANGUAGE_STANDARD = "gnu++14";
				CLANG_CXX_LIBRARY = "libc++";
				CLANG_ENABLE_MODULES = YES;
				CLANG_ENABLE_OBJC_ARC = YES;
				CLANG_WARN_BLOCK_CAPTURE_AUTORELEASING = YES;
				CLANG_WARN_BOOL_CONVERSION = YES;
				CLANG_WARN_COMMA = YES;
				CLANG_WARN_CONSTANT_CONVERSION = YES;
				CLANG_WARN_DIRECT_OBJC_ISA_USAGE = YES_ERROR;
				CLANG_WARN_DOCUMENTATION_COMMENTS = YES;
				CLANG_WARN_EMPTY_BODY = YES;
				CLANG_WARN_ENUM_CONVERSION = YES;
				CLANG_WARN_INFINITE_RECURSION = YES;
				CLANG_WARN_INT_CONVERSION = YES;
				CLANG_WARN_NON_LITERAL_NULL_CONVERSION = YES;
				CLANG_WARN_OBJC_LITERAL_CONVERSION = YES;
				CLANG_WARN_OBJC_ROOT_CLASS = YES_ERROR;
				CLANG_WARN_RANGE_LOOP_ANALYSIS = YES;
				CLANG_WARN_STRICT_PROTOTYPES = YES;
				CLANG_WARN_SUSPICIOUS_MOVE = YES;
				CLANG_WARN_UNGUARDED_AVAILABILITY = YES_AGGRESSIVE;
				CLANG_WARN_UNREACHABLE_CODE = YES;
				CLANG_WARN__DUPLICATE_METHOD_MATCH = YES;
				CODE_SIGN_IDENTITY = "Mac Developer";
				COPY_PHASE_STRIP = NO;
				DEBUG_INFORMATION_FORMAT = "dwarf-with-dsym";
				ENABLE_NS_ASSERTIONS = NO;
				ENABLE_STRICT_OBJC_MSGSEND = YES;
				GCC_C_LANGUAGE_STANDARD = gnu11;
				GCC_NO_COMMON_BLOCKS = YES;
				GCC_WARN_64_TO_32_BIT_CONVERSION = YES;
				GCC_WARN_ABOUT_RETURN_TYPE = YES_ERROR;
				GCC_WARN_UNDECLARED_SELECTOR = YES;
				GCC_WARN_UNINITIALIZED_AUTOS = YES_AGGRESSIVE;
				GCC_WARN_UNUSED_FUNCTION = YES;
				GCC_WARN_UNUSED_VARIABLE = YES;
				MACOSX_DEPLOYMENT_TARGET = 10.12;
				MTL_ENABLE_DEBUG_INFO = NO;
				SDKROOT = macosx;
				SWIFT_OPTIMIZATION_LEVEL = "-Owholemodule";
			};
			name = Release;
		};
		D7BD16C51F963855003E01AD /* Debug */ = {
			isa = XCBuildConfiguration;
			buildSettings = {
				ASSETCATALOG_COMPILER_APPICON_NAME = AppIcon;
				CODE_SIGN_ENTITLEMENTS = "make-package.json-great-again/make_package_json_great_again.entitlements";
				CODE_SIGN_STYLE = Automatic;
				COMBINE_HIDPI_IMAGES = YES;
				DEVELOPMENT_TEAM = 47SXH8925G;
				INFOPLIST_FILE = "make-package.json-great-again/Info.plist";
				LD_RUNPATH_SEARCH_PATHS = "$(inherited) @executable_path/../Frameworks";
				MACOSX_DEPLOYMENT_TARGET = 10.12.2;
				PRODUCT_BUNDLE_IDENTIFIER = "com.aliciasykes.make-package-json-great-again";
				PRODUCT_NAME = "$(TARGET_NAME)";
				SWIFT_VERSION = 4.0;
			};
			name = Debug;
		};
		D7BD16C61F963855003E01AD /* Release */ = {
			isa = XCBuildConfiguration;
			buildSettings = {
				ASSETCATALOG_COMPILER_APPICON_NAME = AppIcon;
				CODE_SIGN_ENTITLEMENTS = "make-package.json-great-again/make_package_json_great_again.entitlements";
				CODE_SIGN_STYLE = Automatic;
				COMBINE_HIDPI_IMAGES = YES;
				DEVELOPMENT_TEAM = 47SXH8925G;
				INFOPLIST_FILE = "make-package.json-great-again/Info.plist";
				LD_RUNPATH_SEARCH_PATHS = "$(inherited) @executable_path/../Frameworks";
				MACOSX_DEPLOYMENT_TARGET = 10.12.2;
				PRODUCT_BUNDLE_IDENTIFIER = "com.aliciasykes.make-package-json-great-again";
				PRODUCT_NAME = "$(TARGET_NAME)";
				SWIFT_VERSION = 4.0;
			};
			name = Release;
		};
/* End XCBuildConfiguration section */

/* Begin XCConfigurationList section */
		D7BD16AF1F963855003E01AD /* Build configuration list for PBXProject "make-package.json-great-again" */ = {
			isa = XCConfigurationList;
			buildConfigurations = (
				D7BD16C21F963855003E01AD /* Debug */,
				D7BD16C31F963855003E01AD /* Release */,
			);
			defaultConfigurationIsVisible = 0;
			defaultConfigurationName = Release;
		};
		D7BD16C41F963855003E01AD /* Build configuration list for PBXNativeTarget "make-package.json-great-again" */ = {
			isa = XCConfigurationList;
			buildConfigurations = (
				D7BD16C51F963855003E01AD /* Debug */,
				D7BD16C61F963855003E01AD /* Release */,
			);
			defaultConfigurationIsVisible = 0;
			defaultConfigurationName = Release;
		};
/* End XCConfigurationList section */
	};
	rootObject = D7BD16AC1F963855003E01AD /* Project object */;
}
